// !$*UTF8*$!
{
	archiveVersion = 1;
	classes = {
	};
	objectVersion = 50;
	objects = {

/* Begin PBXBuildFile section */
		0A1C992A23608A950055889D /* InlineCodeSample.swift in Sources */ = {isa = PBXBuildFile; fileRef = 0A1C992923608A950055889D /* InlineCodeSample.swift */; };
		0A9246F8235DA111001EA202 /* Sample.swift in Sources */ = {isa = PBXBuildFile; fileRef = 0A9246F7235DA111001EA202 /* Sample.swift */; };
		0A9246FB235DAA06001EA202 /* BackgroundSample.swift in Sources */ = {isa = PBXBuildFile; fileRef = 0A9246FA235DAA06001EA202 /* BackgroundSample.swift */; };
		0A9246FD235DAB07001EA202 /* ForegroundSample.swift in Sources */ = {isa = PBXBuildFile; fileRef = 0A9246FC235DAB07001EA202 /* ForegroundSample.swift */; };
		0A9246FF235DABD0001EA202 /* FontSample.swift in Sources */ = {isa = PBXBuildFile; fileRef = 0A9246FE235DABD0001EA202 /* FontSample.swift */; };
		0A924702235DC964001EA202 /* CustomLayoutManager.swift in Sources */ = {isa = PBXBuildFile; fileRef = 0A924701235DC964001EA202 /* CustomLayoutManager.swift */; };
		0AB3E36C235D9B9600CBFE8F /* AppDelegate.swift in Sources */ = {isa = PBXBuildFile; fileRef = 0AB3E36B235D9B9600CBFE8F /* AppDelegate.swift */; };
		0AB3E36E235D9B9600CBFE8F /* SceneDelegate.swift in Sources */ = {isa = PBXBuildFile; fileRef = 0AB3E36D235D9B9600CBFE8F /* SceneDelegate.swift */; };
		0AB3E370235D9B9600CBFE8F /* DetailViewController.swift in Sources */ = {isa = PBXBuildFile; fileRef = 0AB3E36F235D9B9600CBFE8F /* DetailViewController.swift */; };
		0AB3E373235D9B9600CBFE8F /* Main.storyboard in Resources */ = {isa = PBXBuildFile; fileRef = 0AB3E371235D9B9600CBFE8F /* Main.storyboard */; };
		0AB3E375235D9B9700CBFE8F /* Assets.xcassets in Resources */ = {isa = PBXBuildFile; fileRef = 0AB3E374235D9B9700CBFE8F /* Assets.xcassets */; };
		0AB3E378235D9B9700CBFE8F /* LaunchScreen.storyboard in Resources */ = {isa = PBXBuildFile; fileRef = 0AB3E376235D9B9700CBFE8F /* LaunchScreen.storyboard */; };
		0AB3E383235D9B9700CBFE8F /* TextKitSampleTests.swift in Sources */ = {isa = PBXBuildFile; fileRef = 0AB3E382235D9B9700CBFE8F /* TextKitSampleTests.swift */; };
		0AB3E38E235D9B9700CBFE8F /* TextKitSampleUITests.swift in Sources */ = {isa = PBXBuildFile; fileRef = 0AB3E38D235D9B9700CBFE8F /* TextKitSampleUITests.swift */; };
		0AB3E39C235D9C4D00CBFE8F /* MasterViewController.swift in Sources */ = {isa = PBXBuildFile; fileRef = 0AB3E39B235D9C4D00CBFE8F /* MasterViewController.swift */; };
		0AC19C27236675E800E6A17F /* CodeSample.swift in Sources */ = {isa = PBXBuildFile; fileRef = 0AC19C26236675E800E6A17F /* CodeSample.swift */; };
		0AC19C292366897A00E6A17F /* QuoteSample.swift in Sources */ = {isa = PBXBuildFile; fileRef = 0AC19C282366897A00E6A17F /* QuoteSample.swift */; };
/* End PBXBuildFile section */

/* Begin PBXContainerItemProxy section */
		0AB3E37F235D9B9700CBFE8F /* PBXContainerItemProxy */ = {
			isa = PBXContainerItemProxy;
			containerPortal = 0AB3E360235D9B9600CBFE8F /* Project object */;
			proxyType = 1;
			remoteGlobalIDString = 0AB3E367235D9B9600CBFE8F;
			remoteInfo = NSAttributedStringSample;
		};
		0AB3E38A235D9B9700CBFE8F /* PBXContainerItemProxy */ = {
			isa = PBXContainerItemProxy;
			containerPortal = 0AB3E360235D9B9600CBFE8F /* Project object */;
			proxyType = 1;
			remoteGlobalIDString = 0AB3E367235D9B9600CBFE8F;
			remoteInfo = NSAttributedStringSample;
		};
/* End PBXContainerItemProxy section */

/* Begin PBXFileReference section */
		0A1C992923608A950055889D /* InlineCodeSample.swift */ = {isa = PBXFileReference; lastKnownFileType = sourcecode.swift; path = InlineCodeSample.swift; sourceTree = "<group>"; };
		0A9246F7235DA111001EA202 /* Sample.swift */ = {isa = PBXFileReference; lastKnownFileType = sourcecode.swift; path = Sample.swift; sourceTree = "<group>"; };
		0A9246FA235DAA06001EA202 /* BackgroundSample.swift */ = {isa = PBXFileReference; lastKnownFileType = sourcecode.swift; path = BackgroundSample.swift; sourceTree = "<group>"; };
		0A9246FC235DAB07001EA202 /* ForegroundSample.swift */ = {isa = PBXFileReference; lastKnownFileType = sourcecode.swift; path = ForegroundSample.swift; sourceTree = "<group>"; };
		0A9246FE235DABD0001EA202 /* FontSample.swift */ = {isa = PBXFileReference; lastKnownFileType = sourcecode.swift; path = FontSample.swift; sourceTree = "<group>"; };
		0A924701235DC964001EA202 /* CustomLayoutManager.swift */ = {isa = PBXFileReference; lastKnownFileType = sourcecode.swift; path = CustomLayoutManager.swift; sourceTree = "<group>"; };
		0AB3E368235D9B9600CBFE8F /* TextKitSample.app */ = {isa = PBXFileReference; explicitFileType = wrapper.application; includeInIndex = 0; path = TextKitSample.app; sourceTree = BUILT_PRODUCTS_DIR; };
		0AB3E36B235D9B9600CBFE8F /* AppDelegate.swift */ = {isa = PBXFileReference; lastKnownFileType = sourcecode.swift; path = AppDelegate.swift; sourceTree = "<group>"; };
		0AB3E36D235D9B9600CBFE8F /* SceneDelegate.swift */ = {isa = PBXFileReference; lastKnownFileType = sourcecode.swift; path = SceneDelegate.swift; sourceTree = "<group>"; };
		0AB3E36F235D9B9600CBFE8F /* DetailViewController.swift */ = {isa = PBXFileReference; lastKnownFileType = sourcecode.swift; path = DetailViewController.swift; sourceTree = "<group>"; };
		0AB3E372235D9B9600CBFE8F /* Base */ = {isa = PBXFileReference; lastKnownFileType = file.storyboard; name = Base; path = Base.lproj/Main.storyboard; sourceTree = "<group>"; };
		0AB3E374235D9B9700CBFE8F /* Assets.xcassets */ = {isa = PBXFileReference; lastKnownFileType = folder.assetcatalog; path = Assets.xcassets; sourceTree = "<group>"; };
		0AB3E377235D9B9700CBFE8F /* Base */ = {isa = PBXFileReference; lastKnownFileType = file.storyboard; name = Base; path = Base.lproj/LaunchScreen.storyboard; sourceTree = "<group>"; };
		0AB3E379235D9B9700CBFE8F /* Info.plist */ = {isa = PBXFileReference; lastKnownFileType = text.plist.xml; path = Info.plist; sourceTree = "<group>"; };
		0AB3E37E235D9B9700CBFE8F /* TextKitSampleTests.xctest */ = {isa = PBXFileReference; explicitFileType = wrapper.cfbundle; includeInIndex = 0; path = TextKitSampleTests.xctest; sourceTree = BUILT_PRODUCTS_DIR; };
		0AB3E382235D9B9700CBFE8F /* TextKitSampleTests.swift */ = {isa = PBXFileReference; lastKnownFileType = sourcecode.swift; path = TextKitSampleTests.swift; sourceTree = "<group>"; };
		0AB3E384235D9B9700CBFE8F /* Info.plist */ = {isa = PBXFileReference; lastKnownFileType = text.plist.xml; path = Info.plist; sourceTree = "<group>"; };
		0AB3E389235D9B9700CBFE8F /* TextKitSampleUITests.xctest */ = {isa = PBXFileReference; explicitFileType = wrapper.cfbundle; includeInIndex = 0; path = TextKitSampleUITests.xctest; sourceTree = BUILT_PRODUCTS_DIR; };
		0AB3E38D235D9B9700CBFE8F /* TextKitSampleUITests.swift */ = {isa = PBXFileReference; lastKnownFileType = sourcecode.swift; path = TextKitSampleUITests.swift; sourceTree = "<group>"; };
		0AB3E38F235D9B9700CBFE8F /* Info.plist */ = {isa = PBXFileReference; lastKnownFileType = text.plist.xml; path = Info.plist; sourceTree = "<group>"; };
		0AB3E39B235D9C4D00CBFE8F /* MasterViewController.swift */ = {isa = PBXFileReference; lastKnownFileType = sourcecode.swift; path = MasterViewController.swift; sourceTree = "<group>"; };
		0AC19C26236675E800E6A17F /* CodeSample.swift */ = {isa = PBXFileReference; lastKnownFileType = sourcecode.swift; path = CodeSample.swift; sourceTree = "<group>"; };
		0AC19C282366897A00E6A17F /* QuoteSample.swift */ = {isa = PBXFileReference; lastKnownFileType = sourcecode.swift; path = QuoteSample.swift; sourceTree = "<group>"; };
/* End PBXFileReference section */

/* Begin PBXFrameworksBuildPhase section */
		0AB3E365235D9B9600CBFE8F /* Frameworks */ = {
			isa = PBXFrameworksBuildPhase;
			buildActionMask = 2147483647;
			files = (
			);
			runOnlyForDeploymentPostprocessing = 0;
		};
		0AB3E37B235D9B9700CBFE8F /* Frameworks */ = {
			isa = PBXFrameworksBuildPhase;
			buildActionMask = 2147483647;
			files = (
			);
			runOnlyForDeploymentPostprocessing = 0;
		};
		0AB3E386235D9B9700CBFE8F /* Frameworks */ = {
			isa = PBXFrameworksBuildPhase;
			buildActionMask = 2147483647;
			files = (
			);
			runOnlyForDeploymentPostprocessing = 0;
		};
/* End PBXFrameworksBuildPhase section */

/* Begin PBXGroup section */
		0A1C992B23608CCD0055889D /* Custom */ = {
			isa = PBXGroup;
			children = (
				0AC19C26236675E800E6A17F /* CodeSample.swift */,
				0A1C992923608A950055889D /* InlineCodeSample.swift */,
				0AC19C282366897A00E6A17F /* QuoteSample.swift */,
			);
			path = Custom;
			sourceTree = "<group>";
		};
		0A9246F9235DA9F4001EA202 /* Samples */ = {
			isa = PBXGroup;
			children = (
				0A1C992B23608CCD0055889D /* Custom */,
				0A924700235DBF44001EA202 /* Default */,
				0A9246F7235DA111001EA202 /* Sample.swift */,
			);
			path = Samples;
			sourceTree = "<group>";
		};
		0A924700235DBF44001EA202 /* Default */ = {
			isa = PBXGroup;
			children = (
				0A9246FA235DAA06001EA202 /* BackgroundSample.swift */,
				0A9246FE235DABD0001EA202 /* FontSample.swift */,
				0A9246FC235DAB07001EA202 /* ForegroundSample.swift */,
			);
			path = Default;
			sourceTree = "<group>";
		};
		0AB3E35F235D9B9600CBFE8F = {
			isa = PBXGroup;
			children = (
				0AB3E36A235D9B9600CBFE8F /* TextKitSample */,
				0AB3E381235D9B9700CBFE8F /* TextKitSampleTests */,
				0AB3E38C235D9B9700CBFE8F /* TextKitSampleUITests */,
				0AB3E369235D9B9600CBFE8F /* Products */,
			);
			sourceTree = "<group>";
		};
		0AB3E369235D9B9600CBFE8F /* Products */ = {
			isa = PBXGroup;
			children = (
				0AB3E368235D9B9600CBFE8F /* TextKitSample.app */,
				0AB3E37E235D9B9700CBFE8F /* TextKitSampleTests.xctest */,
				0AB3E389235D9B9700CBFE8F /* TextKitSampleUITests.xctest */,
			);
			name = Products;
			sourceTree = "<group>";
		};
		0AB3E36A235D9B9600CBFE8F /* TextKitSample */ = {
			isa = PBXGroup;
			children = (
				0A9246F9235DA9F4001EA202 /* Samples */,
				0AB3E36B235D9B9600CBFE8F /* AppDelegate.swift */,
				0AB3E374235D9B9700CBFE8F /* Assets.xcassets */,
				0A924701235DC964001EA202 /* CustomLayoutManager.swift */,
				0AB3E36F235D9B9600CBFE8F /* DetailViewController.swift */,
				0AB3E379235D9B9700CBFE8F /* Info.plist */,
				0AB3E376235D9B9700CBFE8F /* LaunchScreen.storyboard */,
				0AB3E371235D9B9600CBFE8F /* Main.storyboard */,
				0AB3E39B235D9C4D00CBFE8F /* MasterViewController.swift */,
				0AB3E36D235D9B9600CBFE8F /* SceneDelegate.swift */,
			);
			path = TextKitSample;
			sourceTree = "<group>";
		};
		0AB3E381235D9B9700CBFE8F /* TextKitSampleTests */ = {
			isa = PBXGroup;
			children = (
				0AB3E384235D9B9700CBFE8F /* Info.plist */,
				0AB3E382235D9B9700CBFE8F /* TextKitSampleTests.swift */,
			);
			path = TextKitSampleTests;
			sourceTree = "<group>";
		};
		0AB3E38C235D9B9700CBFE8F /* TextKitSampleUITests */ = {
			isa = PBXGroup;
			children = (
				0AB3E38F235D9B9700CBFE8F /* Info.plist */,
				0AB3E38D235D9B9700CBFE8F /* TextKitSampleUITests.swift */,
			);
			path = TextKitSampleUITests;
			sourceTree = "<group>";
		};
/* End PBXGroup section */

/* Begin PBXNativeTarget section */
		0AB3E367235D9B9600CBFE8F /* TextKitSample */ = {
			isa = PBXNativeTarget;
			buildConfigurationList = 0AB3E392235D9B9700CBFE8F /* Build configuration list for PBXNativeTarget "TextKitSample" */;
			buildPhases = (
				0AB3E364235D9B9600CBFE8F /* Sources */,
				0AB3E365235D9B9600CBFE8F /* Frameworks */,
				0AB3E366235D9B9600CBFE8F /* Resources */,
			);
			buildRules = (
			);
			dependencies = (
			);
			name = TextKitSample;
			productName = NSAttributedStringSample;
			productReference = 0AB3E368235D9B9600CBFE8F /* TextKitSample.app */;
			productType = "com.apple.product-type.application";
		};
		0AB3E37D235D9B9700CBFE8F /* TextKitSampleTests */ = {
			isa = PBXNativeTarget;
			buildConfigurationList = 0AB3E395235D9B9700CBFE8F /* Build configuration list for PBXNativeTarget "TextKitSampleTests" */;
			buildPhases = (
				0AB3E37A235D9B9700CBFE8F /* Sources */,
				0AB3E37B235D9B9700CBFE8F /* Frameworks */,
				0AB3E37C235D9B9700CBFE8F /* Resources */,
			);
			buildRules = (
			);
			dependencies = (
				0AB3E380235D9B9700CBFE8F /* PBXTargetDependency */,
			);
			name = TextKitSampleTests;
			productName = NSAttributedStringSampleTests;
			productReference = 0AB3E37E235D9B9700CBFE8F /* TextKitSampleTests.xctest */;
			productType = "com.apple.product-type.bundle.unit-test";
		};
		0AB3E388235D9B9700CBFE8F /* TextKitSampleUITests */ = {
			isa = PBXNativeTarget;
			buildConfigurationList = 0AB3E398235D9B9700CBFE8F /* Build configuration list for PBXNativeTarget "TextKitSampleUITests" */;
			buildPhases = (
				0AB3E385235D9B9700CBFE8F /* Sources */,
				0AB3E386235D9B9700CBFE8F /* Frameworks */,
				0AB3E387235D9B9700CBFE8F /* Resources */,
			);
			buildRules = (
			);
			dependencies = (
				0AB3E38B235D9B9700CBFE8F /* PBXTargetDependency */,
			);
			name = TextKitSampleUITests;
			productName = NSAttributedStringSampleUITests;
			productReference = 0AB3E389235D9B9700CBFE8F /* TextKitSampleUITests.xctest */;
			productType = "com.apple.product-type.bundle.ui-testing";
		};
/* End PBXNativeTarget section */

/* Begin PBXProject section */
		0AB3E360235D9B9600CBFE8F /* Project object */ = {
			isa = PBXProject;
			attributes = {
				LastSwiftUpdateCheck = 1110;
				LastUpgradeCheck = 1110;
				ORGANIZATIONNAME = "Taichiro Yoshida";
				TargetAttributes = {
					0AB3E367235D9B9600CBFE8F = {
						CreatedOnToolsVersion = 11.1;
					};
					0AB3E37D235D9B9700CBFE8F = {
						CreatedOnToolsVersion = 11.1;
						TestTargetID = 0AB3E367235D9B9600CBFE8F;
					};
					0AB3E388235D9B9700CBFE8F = {
						CreatedOnToolsVersion = 11.1;
						TestTargetID = 0AB3E367235D9B9600CBFE8F;
					};
				};
			};
			buildConfigurationList = 0AB3E363235D9B9600CBFE8F /* Build configuration list for PBXProject "TextKitSample" */;
			compatibilityVersion = "Xcode 9.3";
			developmentRegion = en;
			hasScannedForEncodings = 0;
			knownRegions = (
				en,
				Base,
			);
			mainGroup = 0AB3E35F235D9B9600CBFE8F;
			productRefGroup = 0AB3E369235D9B9600CBFE8F /* Products */;
			projectDirPath = "";
			projectRoot = "";
			targets = (
				0AB3E367235D9B9600CBFE8F /* TextKitSample */,
				0AB3E37D235D9B9700CBFE8F /* TextKitSampleTests */,
				0AB3E388235D9B9700CBFE8F /* TextKitSampleUITests */,
			);
		};
/* End PBXProject section */

/* Begin PBXResourcesBuildPhase section */
		0AB3E366235D9B9600CBFE8F /* Resources */ = {
			isa = PBXResourcesBuildPhase;
			buildActionMask = 2147483647;
			files = (
				0AB3E378235D9B9700CBFE8F /* LaunchScreen.storyboard in Resources */,
				0AB3E375235D9B9700CBFE8F /* Assets.xcassets in Resources */,
				0AB3E373235D9B9600CBFE8F /* Main.storyboard in Resources */,
			);
			runOnlyForDeploymentPostprocessing = 0;
		};
		0AB3E37C235D9B9700CBFE8F /* Resources */ = {
			isa = PBXResourcesBuildPhase;
			buildActionMask = 2147483647;
			files = (
			);
			runOnlyForDeploymentPostprocessing = 0;
		};
		0AB3E387235D9B9700CBFE8F /* Resources */ = {
			isa = PBXResourcesBuildPhase;
			buildActionMask = 2147483647;
			files = (
			);
			runOnlyForDeploymentPostprocessing = 0;
		};
/* End PBXResourcesBuildPhase section */

/* Begin PBXSourcesBuildPhase section */
		0AB3E364235D9B9600CBFE8F /* Sources */ = {
			isa = PBXSourcesBuildPhase;
			buildActionMask = 2147483647;
			files = (
				0AC19C27236675E800E6A17F /* CodeSample.swift in Sources */,
				0A9246F8235DA111001EA202 /* Sample.swift in Sources */,
				0AB3E370235D9B9600CBFE8F /* DetailViewController.swift in Sources */,
				0A924702235DC964001EA202 /* CustomLayoutManager.swift in Sources */,
				0A1C992A23608A950055889D /* InlineCodeSample.swift in Sources */,
				0A9246FD235DAB07001EA202 /* ForegroundSample.swift in Sources */,
				0AB3E36C235D9B9600CBFE8F /* AppDelegate.swift in Sources */,
				0A9246FF235DABD0001EA202 /* FontSample.swift in Sources */,
				0AC19C292366897A00E6A17F /* QuoteSample.swift in Sources */,
				0AB3E36E235D9B9600CBFE8F /* SceneDelegate.swift in Sources */,
				0AB3E39C235D9C4D00CBFE8F /* MasterViewController.swift in Sources */,
				0A9246FB235DAA06001EA202 /* BackgroundSample.swift in Sources */,
			);
			runOnlyForDeploymentPostprocessing = 0;
		};
		0AB3E37A235D9B9700CBFE8F /* Sources */ = {
			isa = PBXSourcesBuildPhase;
			buildActionMask = 2147483647;
			files = (
				0AB3E383235D9B9700CBFE8F /* TextKitSampleTests.swift in Sources */,
			);
			runOnlyForDeploymentPostprocessing = 0;
		};
		0AB3E385235D9B9700CBFE8F /* Sources */ = {
			isa = PBXSourcesBuildPhase;
			buildActionMask = 2147483647;
			files = (
				0AB3E38E235D9B9700CBFE8F /* TextKitSampleUITests.swift in Sources */,
			);
			runOnlyForDeploymentPostprocessing = 0;
		};
/* End PBXSourcesBuildPhase section */

/* Begin PBXTargetDependency section */
		0AB3E380235D9B9700CBFE8F /* PBXTargetDependency */ = {
			isa = PBXTargetDependency;
			target = 0AB3E367235D9B9600CBFE8F /* TextKitSample */;
			targetProxy = 0AB3E37F235D9B9700CBFE8F /* PBXContainerItemProxy */;
		};
		0AB3E38B235D9B9700CBFE8F /* PBXTargetDependency */ = {
			isa = PBXTargetDependency;
			target = 0AB3E367235D9B9600CBFE8F /* TextKitSample */;
			targetProxy = 0AB3E38A235D9B9700CBFE8F /* PBXContainerItemProxy */;
		};
/* End PBXTargetDependency section */

/* Begin PBXVariantGroup section */
		0AB3E371235D9B9600CBFE8F /* Main.storyboard */ = {
			isa = PBXVariantGroup;
			children = (
				0AB3E372235D9B9600CBFE8F /* Base */,
			);
			name = Main.storyboard;
			path = .;
			sourceTree = "<group>";
		};
		0AB3E376235D9B9700CBFE8F /* LaunchScreen.storyboard */ = {
			isa = PBXVariantGroup;
			children = (
				0AB3E377235D9B9700CBFE8F /* Base */,
			);
			name = LaunchScreen.storyboard;
			path = .;
			sourceTree = "<group>";
		};
/* End PBXVariantGroup section */

/* Begin XCBuildConfiguration section */
		0AB3E390235D9B9700CBFE8F /* Debug */ = {
			isa = XCBuildConfiguration;
			buildSettings = {
				ALWAYS_SEARCH_USER_PATHS = NO;
				CLANG_ANALYZER_NONNULL = YES;
				CLANG_ANALYZER_NUMBER_OBJECT_CONVERSION = YES_AGGRESSIVE;
				CLANG_CXX_LANGUAGE_STANDARD = "gnu++14";
				CLANG_CXX_LIBRARY = "libc++";
				CLANG_ENABLE_MODULES = YES;
				CLANG_ENABLE_OBJC_ARC = YES;
				CLANG_ENABLE_OBJC_WEAK = YES;
				CLANG_WARN_BLOCK_CAPTURE_AUTORELEASING = YES;
				CLANG_WARN_BOOL_CONVERSION = YES;
				CLANG_WARN_COMMA = YES;
				CLANG_WARN_CONSTANT_CONVERSION = YES;
				CLANG_WARN_DEPRECATED_OBJC_IMPLEMENTATIONS = YES;
				CLANG_WARN_DIRECT_OBJC_ISA_USAGE = YES_ERROR;
				CLANG_WARN_DOCUMENTATION_COMMENTS = YES;
				CLANG_WARN_EMPTY_BODY = YES;
				CLANG_WARN_ENUM_CONVERSION = YES;
				CLANG_WARN_INFINITE_RECURSION = YES;
				CLANG_WARN_INT_CONVERSION = YES;
				CLANG_WARN_NON_LITERAL_NULL_CONVERSION = YES;
				CLANG_WARN_OBJC_IMPLICIT_RETAIN_SELF = YES;
				CLANG_WARN_OBJC_LITERAL_CONVERSION = YES;
				CLANG_WARN_OBJC_ROOT_CLASS = YES_ERROR;
				CLANG_WARN_RANGE_LOOP_ANALYSIS = YES;
				CLANG_WARN_STRICT_PROTOTYPES = YES;
				CLANG_WARN_SUSPICIOUS_MOVE = YES;
				CLANG_WARN_UNGUARDED_AVAILABILITY = YES_AGGRESSIVE;
				CLANG_WARN_UNREACHABLE_CODE = YES;
				CLANG_WARN__DUPLICATE_METHOD_MATCH = YES;
				COPY_PHASE_STRIP = NO;
				DEBUG_INFORMATION_FORMAT = dwarf;
				ENABLE_STRICT_OBJC_MSGSEND = YES;
				ENABLE_TESTABILITY = YES;
				GCC_C_LANGUAGE_STANDARD = gnu11;
				GCC_DYNAMIC_NO_PIC = NO;
				GCC_NO_COMMON_BLOCKS = YES;
				GCC_OPTIMIZATION_LEVEL = 0;
				GCC_PREPROCESSOR_DEFINITIONS = (
					"DEBUG=1",
					"$(inherited)",
				);
				GCC_WARN_64_TO_32_BIT_CONVERSION = YES;
				GCC_WARN_ABOUT_RETURN_TYPE = YES_ERROR;
				GCC_WARN_UNDECLARED_SELECTOR = YES;
				GCC_WARN_UNINITIALIZED_AUTOS = YES_AGGRESSIVE;
				GCC_WARN_UNUSED_FUNCTION = YES;
				GCC_WARN_UNUSED_VARIABLE = YES;
				IPHONEOS_DEPLOYMENT_TARGET = 13.1;
				MTL_ENABLE_DEBUG_INFO = INCLUDE_SOURCE;
				MTL_FAST_MATH = YES;
				ONLY_ACTIVE_ARCH = YES;
				SDKROOT = iphoneos;
				SWIFT_ACTIVE_COMPILATION_CONDITIONS = DEBUG;
				SWIFT_OPTIMIZATION_LEVEL = "-Onone";
			};
			name = Debug;
		};
		0AB3E391235D9B9700CBFE8F /* Release */ = {
			isa = XCBuildConfiguration;
			buildSettings = {
				ALWAYS_SEARCH_USER_PATHS = NO;
				CLANG_ANALYZER_NONNULL = YES;
				CLANG_ANALYZER_NUMBER_OBJECT_CONVERSION = YES_AGGRESSIVE;
				CLANG_CXX_LANGUAGE_STANDARD = "gnu++14";
				CLANG_CXX_LIBRARY = "libc++";
				CLANG_ENABLE_MODULES = YES;
				CLANG_ENABLE_OBJC_ARC = YES;
				CLANG_ENABLE_OBJC_WEAK = YES;
				CLANG_WARN_BLOCK_CAPTURE_AUTORELEASING = YES;
				CLANG_WARN_BOOL_CONVERSION = YES;
				CLANG_WARN_COMMA = YES;
				CLANG_WARN_CONSTANT_CONVERSION = YES;
				CLANG_WARN_DEPRECATED_OBJC_IMPLEMENTATIONS = YES;
				CLANG_WARN_DIRECT_OBJC_ISA_USAGE = YES_ERROR;
				CLANG_WARN_DOCUMENTATION_COMMENTS = YES;
				CLANG_WARN_EMPTY_BODY = YES;
				CLANG_WARN_ENUM_CONVERSION = YES;
				CLANG_WARN_INFINITE_RECURSION = YES;
				CLANG_WARN_INT_CONVERSION = YES;
				CLANG_WARN_NON_LITERAL_NULL_CONVERSION = YES;
				CLANG_WARN_OBJC_IMPLICIT_RETAIN_SELF = YES;
				CLANG_WARN_OBJC_LITERAL_CONVERSION = YES;
				CLANG_WARN_OBJC_ROOT_CLASS = YES_ERROR;
				CLANG_WARN_RANGE_LOOP_ANALYSIS = YES;
				CLANG_WARN_STRICT_PROTOTYPES = YES;
				CLANG_WARN_SUSPICIOUS_MOVE = YES;
				CLANG_WARN_UNGUARDED_AVAILABILITY = YES_AGGRESSIVE;
				CLANG_WARN_UNREACHABLE_CODE = YES;
				CLANG_WARN__DUPLICATE_METHOD_MATCH = YES;
				COPY_PHASE_STRIP = NO;
				DEBUG_INFORMATION_FORMAT = "dwarf-with-dsym";
				ENABLE_NS_ASSERTIONS = NO;
				ENABLE_STRICT_OBJC_MSGSEND = YES;
				GCC_C_LANGUAGE_STANDARD = gnu11;
				GCC_NO_COMMON_BLOCKS = YES;
				GCC_WARN_64_TO_32_BIT_CONVERSION = YES;
				GCC_WARN_ABOUT_RETURN_TYPE = YES_ERROR;
				GCC_WARN_UNDECLARED_SELECTOR = YES;
				GCC_WARN_UNINITIALIZED_AUTOS = YES_AGGRESSIVE;
				GCC_WARN_UNUSED_FUNCTION = YES;
				GCC_WARN_UNUSED_VARIABLE = YES;
				IPHONEOS_DEPLOYMENT_TARGET = 13.1;
				MTL_ENABLE_DEBUG_INFO = NO;
				MTL_FAST_MATH = YES;
				SDKROOT = iphoneos;
				SWIFT_COMPILATION_MODE = wholemodule;
				SWIFT_OPTIMIZATION_LEVEL = "-O";
				VALIDATE_PRODUCT = YES;
			};
			name = Release;
		};
		0AB3E393235D9B9700CBFE8F /* Debug */ = {
			isa = XCBuildConfiguration;
			buildSettings = {
				ASSETCATALOG_COMPILER_APPICON_NAME = AppIcon;
				CODE_SIGN_STYLE = Automatic;
				INFOPLIST_FILE = TextKitSample/Info.plist;
				LD_RUNPATH_SEARCH_PATHS = (
					"$(inherited)",
					"@executable_path/Frameworks",
				);
				PRODUCT_BUNDLE_IDENTIFIER = com.dataich.TextKitSample;
				PRODUCT_NAME = "$(TARGET_NAME)";
				SWIFT_VERSION = 5.0;
				TARGETED_DEVICE_FAMILY = "1,2";
			};
			name = Debug;
		};
		0AB3E394235D9B9700CBFE8F /* Release */ = {
			isa = XCBuildConfiguration;
			buildSettings = {
				ASSETCATALOG_COMPILER_APPICON_NAME = AppIcon;
				CODE_SIGN_STYLE = Automatic;
				INFOPLIST_FILE = TextKitSample/Info.plist;
				LD_RUNPATH_SEARCH_PATHS = (
					"$(inherited)",
					"@executable_path/Frameworks",
				);
				PRODUCT_BUNDLE_IDENTIFIER = com.dataich.TextKitSample;
				PRODUCT_NAME = "$(TARGET_NAME)";
				SWIFT_VERSION = 5.0;
				TARGETED_DEVICE_FAMILY = "1,2";
			};
			name = Release;
		};
		0AB3E396235D9B9700CBFE8F /* Debug */ = {
			isa = XCBuildConfiguration;
			buildSettings = {
				ALWAYS_EMBED_SWIFT_STANDARD_LIBRARIES = YES;
				BUNDLE_LOADER = "$(TEST_HOST)";
				CODE_SIGN_STYLE = Automatic;
				INFOPLIST_FILE = TextKitSampleTests/Info.plist;
				IPHONEOS_DEPLOYMENT_TARGET = 13.1;
				LD_RUNPATH_SEARCH_PATHS = (
					"$(inherited)",
					"@executable_path/Frameworks",
					"@loader_path/Frameworks",
				);
				PRODUCT_BUNDLE_IDENTIFIER = com.dataich.TextKitSampleTests;
				PRODUCT_NAME = "$(TARGET_NAME)";
				SWIFT_VERSION = 5.0;
				TARGETED_DEVICE_FAMILY = "1,2";
				TEST_HOST = "$(BUILT_PRODUCTS_DIR)/TextKitSample.app/TextKitSample";
			};
			name = Debug;
		};
		0AB3E397235D9B9700CBFE8F /* Release */ = {
			isa = XCBuildConfiguration;
			buildSettings = {
				ALWAYS_EMBED_SWIFT_STANDARD_LIBRARIES = YES;
				BUNDLE_LOADER = "$(TEST_HOST)";
				CODE_SIGN_STYLE = Automatic;
				INFOPLIST_FILE = TextKitSampleTests/Info.plist;
				IPHONEOS_DEPLOYMENT_TARGET = 13.1;
				LD_RUNPATH_SEARCH_PATHS = (
					"$(inherited)",
					"@executable_path/Frameworks",
					"@loader_path/Frameworks",
				);
				PRODUCT_BUNDLE_IDENTIFIER = com.dataich.TextKitSampleTests;
				PRODUCT_NAME = "$(TARGET_NAME)";
				SWIFT_VERSION = 5.0;
				TARGETED_DEVICE_FAMILY = "1,2";
				TEST_HOST = "$(BUILT_PRODUCTS_DIR)/TextKitSample.app/TextKitSample";
			};
			name = Release;
		};
		0AB3E399235D9B9700CBFE8F /* Debug */ = {
			isa = XCBuildConfiguration;
			buildSettings = {
				ALWAYS_EMBED_SWIFT_STANDARD_LIBRARIES = YES;
				CODE_SIGN_STYLE = Automatic;
				INFOPLIST_FILE = TextKitSampleUITests/Info.plist;
				LD_RUNPATH_SEARCH_PATHS = (
					"$(inherited)",
					"@executable_path/Frameworks",
					"@loader_path/Frameworks",
				);
				PRODUCT_BUNDLE_IDENTIFIER = com.dataich.TextKitSampleUITests;
				PRODUCT_NAME = "$(TARGET_NAME)";
				SWIFT_VERSION = 5.0;
				TARGETED_DEVICE_FAMILY = "1,2";
				TEST_TARGET_NAME = TextKitSample;
			};
			name = Debug;
		};
		0AB3E39A235D9B9700CBFE8F /* Release */ = {
			isa = XCBuildConfiguration;
			buildSettings = {
				ALWAYS_EMBED_SWIFT_STANDARD_LIBRARIES = YES;
				CODE_SIGN_STYLE = Automatic;
				INFOPLIST_FILE = TextKitSampleUITests/Info.plist;
				LD_RUNPATH_SEARCH_PATHS = (
					"$(inherited)",
					"@executable_path/Frameworks",
					"@loader_path/Frameworks",
				);
				PRODUCT_BUNDLE_IDENTIFIER = com.dataich.TextKitSampleUITests;
				PRODUCT_NAME = "$(TARGET_NAME)";
				SWIFT_VERSION = 5.0;
				TARGETED_DEVICE_FAMILY = "1,2";
				TEST_TARGET_NAME = TextKitSample;
			};
			name = Release;
		};
/* End XCBuildConfiguration section */

/* Begin XCConfigurationList section */
		0AB3E363235D9B9600CBFE8F /* Build configuration list for PBXProject "TextKitSample" */ = {
			isa = XCConfigurationList;
			buildConfigurations = (
				0AB3E390235D9B9700CBFE8F /* Debug */,
				0AB3E391235D9B9700CBFE8F /* Release */,
			);
			defaultConfigurationIsVisible = 0;
			defaultConfigurationName = Release;
		};
		0AB3E392235D9B9700CBFE8F /* Build configuration list for PBXNativeTarget "TextKitSample" */ = {
			isa = XCConfigurationList;
			buildConfigurations = (
				0AB3E393235D9B9700CBFE8F /* Debug */,
				0AB3E394235D9B9700CBFE8F /* Release */,
			);
			defaultConfigurationIsVisible = 0;
			defaultConfigurationName = Release;
		};
		0AB3E395235D9B9700CBFE8F /* Build configuration list for PBXNativeTarget "TextKitSampleTests" */ = {
			isa = XCConfigurationList;
			buildConfigurations = (
				0AB3E396235D9B9700CBFE8F /* Debug */,
				0AB3E397235D9B9700CBFE8F /* Release */,
			);
			defaultConfigurationIsVisible = 0;
			defaultConfigurationName = Release;
		};
		0AB3E398235D9B9700CBFE8F /* Build configuration list for PBXNativeTarget "TextKitSampleUITests" */ = {
			isa = XCConfigurationList;
			buildConfigurations = (
				0AB3E399235D9B9700CBFE8F /* Debug */,
				0AB3E39A235D9B9700CBFE8F /* Release */,
			);
			defaultConfigurationIsVisible = 0;
			defaultConfigurationName = Release;
		};
/* End XCConfigurationList section */
	};
	rootObject = 0AB3E360235D9B9600CBFE8F /* Project object */;
}
